
Microsoft Visual Studio Solution File, Format Version 12.00
# Visual Studio Version 17
VisualStudioVersion = 17.11.35327.3
MinimumVisualStudioVersion = 10.0.40219.1
Project("{FAE04EC0-301F-11D3-BF4B-00C04F79EFBC}") = "ConsoleApp1", "ConsoleApp1.csproj", "{F4360E65-7AA3-4805-86A4-F231944585AA}"
EndProject
Global
	GlobalSection(SolutionConfigurationPlatforms) = preSolution
		Debug|Any CPU = Debug|Any CPU
		Release|Any CPU = Release|Any CPU
	EndGlobalSection
	GlobalSection(ProjectConfigurationPlatforms) = postSolution
		{F4360E65-7AA3-4805-86A4-F231944585AA}.Debug|Any CPU.ActiveCfg = Debug|Any CPU
		{F4360E65-7AA3-4805-86A4-F231944585AA}.Debug|Any CPU.Build.0 = Debug|Any CPU
		{F4360E65-7AA3-4805-86A4-F231944585AA}.Release|Any CPU.ActiveCfg = Release|Any CPU
		{F4360E65-7AA3-4805-86A4-F231944585AA}.Release|Any CPU.Build.0 = Release|Any CPU
	EndGlobalSection
	GlobalSection(SolutionProperties) = preSolution
		HideSolutionNode = FALSE
	EndGlobalSection
	GlobalSection(ExtensibilityGlobals) = postSolution
		SolutionGuid = {A518184F-F233-4378-BA78-3F11C2C0BD0D}
	EndGlobalSection
EndGlobal
